
Microsoft Visual Studio Solution File, Format Version 12.00
# Visual Studio Version 17
VisualStudioVersion = 17.9.34701.34
MinimumVisualStudioVersion = 10.0.40219.1
Project("{FAE04EC0-301F-11D3-BF4B-00C04F79EFBC}") = "rtoasaS3r", "rtoasaS3r.csproj", "{C455B595-5A83-463E-B550-59444B10C2D8}"
EndProject
Global
	GlobalSection(SolutionConfigurationPlatforms) = preSolution
		Debug|Any CPU = Debug|Any CPU
		Release|Any CPU = Release|Any CPU
	EndGlobalSection
	GlobalSection(ProjectConfigurationPlatforms) = postSolution
		{C455B595-5A83-463E-B550-59444B10C2D8}.Debug|Any CPU.ActiveCfg = Debug|Any CPU
		{C455B595-5A83-463E-B550-59444B10C2D8}.Debug|Any CPU.Build.0 = Debug|Any CPU
		{C455B595-5A83-463E-B550-59444B10C2D8}.Debug|Any CPU.Deploy.0 = Debug|Any CPU
		{C455B595-5A83-463E-B550-59444B10C2D8}.Release|Any CPU.ActiveCfg = Release|Any CPU
		{C455B595-5A83-463E-B550-59444B10C2D8}.Release|Any CPU.Build.0 = Release|Any CPU
		{C455B595-5A83-463E-B550-59444B10C2D8}.Release|Any CPU.Deploy.0 = Release|Any CPU
	EndGlobalSection
	GlobalSection(SolutionProperties) = preSolution
		HideSolutionNode = FALSE
	EndGlobalSection
	GlobalSection(ExtensibilityGlobals) = postSolution
		SolutionGuid = {015042E1-52EE-462A-B64E-22302A3B8D39}
	EndGlobalSection
EndGlobal
